
Microsoft Visual Studio Solution File, Format Version 12.00
# Visual Studio Version 17
VisualStudioVersion = 17.0.32126.317
MinimumVisualStudioVersion = 10.0.40219.1
Project("{FAE04EC0-301F-11D3-BF4B-00C04F79EFBC}") = "CodePractice", "CodePractice\CodePractice.csproj", "{7CE873DD-4472-4921-96BB-F6DA4A5E6F30}"
EndProject
Global
	GlobalSection(SolutionConfigurationPlatforms) = preSolution
		Debug|Any CPU = Debug|Any CPU
		Release|Any CPU = Release|Any CPU
	EndGlobalSection
	GlobalSection(ProjectConfigurationPlatforms) = postSolution
		{7CE873DD-4472-4921-96BB-F6DA4A5E6F30}.Debug|Any CPU.ActiveCfg = Debug|Any CPU
		{7CE873DD-4472-4921-96BB-F6DA4A5E6F30}.Debug|Any CPU.Build.0 = Debug|Any CPU
		{7CE873DD-4472-4921-96BB-F6DA4A5E6F30}.Release|Any CPU.ActiveCfg = Release|Any CPU
		{7CE873DD-4472-4921-96BB-F6DA4A5E6F30}.Release|Any CPU.Build.0 = Release|Any CPU
	EndGlobalSection
	GlobalSection(SolutionProperties) = preSolution
		HideSolutionNode = FALSE
	EndGlobalSection
	GlobalSection(ExtensibilityGlobals) = postSolution
		SolutionGuid = {B3CE1C42-15FF-476B-99E6-283883AEB32F}
	EndGlobalSection
EndGlobal
